Microsoft Visual Studio Solution File, Format Version 12.00
# Visual Studio Version 17
VisualStudioVersion = 17.5.2.0
MinimumVisualStudioVersion = 10.0.40219.1
Project("{FAE04EC0-301F-11D3-BF4B-00C04F79EFBC}") = "WordWheel.Tests", "WordWheel.Tests\WordWheel.Tests.csproj", "{5C6A2DF5-E76F-40A1-8428-FF0348255A49}"
EndProject
Project("{FAE04EC0-301F-11D3-BF4B-00C04F79EFBC}") = "WordWheel", "WordWheel\WordWheel.csproj", "{6D23D18D-10A9-4F1C-AB84-C7DC36E6EB15}"
EndProject
Global
	GlobalSection(SolutionConfigurationPlatforms) = preSolution
		Debug|Any CPU = Debug|Any CPU
		Release|Any CPU = Release|Any CPU
	EndGlobalSection
	GlobalSection(ProjectConfigurationPlatforms) = postSolution
		{5C6A2DF5-E76F-40A1-8428-FF0348255A49}.Debug|Any CPU.ActiveCfg = Debug|Any CPU
		{5C6A2DF5-E76F-40A1-8428-FF0348255A49}.Debug|Any CPU.Build.0 = Debug|Any CPU
		{5C6A2DF5-E76F-40A1-8428-FF0348255A49}.Release|Any CPU.ActiveCfg = Release|Any CPU
		{5C6A2DF5-E76F-40A1-8428-FF0348255A49}.Release|Any CPU.Build.0 = Release|Any CPU
		{6D23D18D-10A9-4F1C-AB84-C7DC36E6EB15}.Debug|Any CPU.ActiveCfg = Debug|Any CPU
		{6D23D18D-10A9-4F1C-AB84-C7DC36E6EB15}.Debug|Any CPU.Build.0 = Debug|Any CPU
		{6D23D18D-10A9-4F1C-AB84-C7DC36E6EB15}.Release|Any CPU.ActiveCfg = Release|Any CPU
		{6D23D18D-10A9-4F1C-AB84-C7DC36E6EB15}.Release|Any CPU.Build.0 = Release|Any CPU
	EndGlobalSection
	GlobalSection(SolutionProperties) = preSolution
		HideSolutionNode = FALSE
	EndGlobalSection
	GlobalSection(ExtensibilityGlobals) = postSolution
		SolutionGuid = {5D17C2C4-320B-42AF-BB5F-E6433CFB9FDB}
	EndGlobalSection
EndGlobal
